// !$*UTF8*$!
{
	archiveVersion = 1;
	classes = {
	};
	objectVersion = 56;
	objects = {

/* Begin PBXBuildFile section */
		9F4BCBF92A0A6E5F003BA043 /* RoundedShapeHead.swift in Sources */ = {isa = PBXBuildFile; fileRef = 9F4BCBF82A0A6E5F003BA043 /* RoundedShapeHead.swift */; };
		9F4BCBFC2A0BBAA6003BA043 /* TasksListRowBackground.swift in Sources */ = {isa = PBXBuildFile; fileRef = 9F4BCBFB2A0BBAA6003BA043 /* TasksListRowBackground.swift */; };
		9F5DAF012A13706900D18C23 /* LoginView.swift in Sources */ = {isa = PBXBuildFile; fileRef = 9F5DAF002A13706900D18C23 /* LoginView.swift */; };
		9F5DAF042A13725300D18C23 /* GoogleService-Info.plist in Resources */ = {isa = PBXBuildFile; fileRef = 9F5DAF032A13725300D18C23 /* GoogleService-Info.plist */; };
		9F5DAF072A13741F00D18C23 /* FirebaseAuth in Frameworks */ = {isa = PBXBuildFile; productRef = 9F5DAF062A13741F00D18C23 /* FirebaseAuth */; };
		9F5DAF092A13741F00D18C23 /* FirebaseDatabase in Frameworks */ = {isa = PBXBuildFile; productRef = 9F5DAF082A13741F00D18C23 /* FirebaseDatabase */; };
		9F5DAF0B2A13741F00D18C23 /* FirebaseFirestore in Frameworks */ = {isa = PBXBuildFile; productRef = 9F5DAF0A2A13741F00D18C23 /* FirebaseFirestore */; };
		9F5DAF0D2A13741F00D18C23 /* FirebaseStorage in Frameworks */ = {isa = PBXBuildFile; productRef = 9F5DAF0C2A13741F00D18C23 /* FirebaseStorage */; };
		9F5DAF0F2A1374BD00D18C23 /* FireBaseViewModel.swift in Sources */ = {isa = PBXBuildFile; fileRef = 9F5DAF0E2A1374BD00D18C23 /* FireBaseViewModel.swift */; };
		9F5DAF112A13752100D18C23 /* RegisterView.swift in Sources */ = {isa = PBXBuildFile; fileRef = 9F5DAF102A13752100D18C23 /* RegisterView.swift */; };
		9F9816BF2A053BE800B1408B /* ProfileView.swift in Sources */ = {isa = PBXBuildFile; fileRef = 9F9816BE2A053BE800B1408B /* ProfileView.swift */; };
		9F9816C32A0543C800B1408B /* TasksDataModel.xcdatamodeld in Sources */ = {isa = PBXBuildFile; fileRef = 9F9816C12A0543C800B1408B /* TasksDataModel.xcdatamodeld */; };
		9F9816C62A05458100B1408B /* SplashScreenView.swift in Sources */ = {isa = PBXBuildFile; fileRef = 9F9816C52A05458100B1408B /* SplashScreenView.swift */; };
		9FBCF8742A26220E008AB538 /* WeatherStruct.swift in Sources */ = {isa = PBXBuildFile; fileRef = 9FBCF8732A26220D008AB538 /* WeatherStruct.swift */; };
		9FBCF8762A26232C008AB538 /* WeatherApiViewModel.swift in Sources */ = {isa = PBXBuildFile; fileRef = 9FBCF8752A26232C008AB538 /* WeatherApiViewModel.swift */; };
		9FBCF8782A2624CD008AB538 /* WeatherApiView.swift in Sources */ = {isa = PBXBuildFile; fileRef = 9FBCF8772A2624CD008AB538 /* WeatherApiView.swift */; };
		9FDB0B132A30800D0032207F /* TicTacToeGame.swift in Sources */ = {isa = PBXBuildFile; fileRef = 9FDB0B122A30800D0032207F /* TicTacToeGame.swift */; };
		9FDB0B152A3080500032207F /* TicTacToeView.swift in Sources */ = {isa = PBXBuildFile; fileRef = 9FDB0B142A3080500032207F /* TicTacToeView.swift */; };
		9FEA71412A013EF200455E6D /* TasksTodayApp.swift in Sources */ = {isa = PBXBuildFile; fileRef = 9FEA71402A013EF200455E6D /* TasksTodayApp.swift */; };
		9FEA71432A013EF200455E6D /* ContentView.swift in Sources */ = {isa = PBXBuildFile; fileRef = 9FEA71422A013EF200455E6D /* ContentView.swift */; };
		9FEA71452A013EF200455E6D /* Assets.xcassets in Resources */ = {isa = PBXBuildFile; fileRef = 9FEA71442A013EF200455E6D /* Assets.xcassets */; };
		9FEA71482A013EF200455E6D /* Preview Assets.xcassets in Resources */ = {isa = PBXBuildFile; fileRef = 9FEA71472A013EF200455E6D /* Preview Assets.xcassets */; };
		9FEA71532A0143F200455E6D /* TasksView.swift in Sources */ = {isa = PBXBuildFile; fileRef = 9FEA71522A0143F200455E6D /* TasksView.swift */; };
		9FEA71572A01442A00455E6D /* TasksModel.swift in Sources */ = {isa = PBXBuildFile; fileRef = 9FEA71562A01442A00455E6D /* TasksModel.swift */; };
		9FEA715B2A0144BB00455E6D /* DailyTasksModel.swift in Sources */ = {isa = PBXBuildFile; fileRef = 9FEA715A2A0144BB00455E6D /* DailyTasksModel.swift */; };
		9FEA715D2A0144CE00455E6D /* DailyTasksView.swift in Sources */ = {isa = PBXBuildFile; fileRef = 9FEA715C2A0144CE00455E6D /* DailyTasksView.swift */; };
		9FEA71612A0144F900455E6D /* ShoppingListModel.swift in Sources */ = {isa = PBXBuildFile; fileRef = 9FEA71602A0144F900455E6D /* ShoppingListModel.swift */; };
		9FEA71632A01450B00455E6D /* ShoppingListView.swift in Sources */ = {isa = PBXBuildFile; fileRef = 9FEA71622A01450B00455E6D /* ShoppingListView.swift */; };
		9FEA71682A0145C400455E6D /* CustomTabBar.swift in Sources */ = {isa = PBXBuildFile; fileRef = 9FEA71672A0145C400455E6D /* CustomTabBar.swift */; };
		9FEA716A2A0145D600455E6D /* TabCurve.swift in Sources */ = {isa = PBXBuildFile; fileRef = 9FEA71692A0145D600455E6D /* TabCurve.swift */; };
/* End PBXBuildFile section */

/* Begin PBXFileReference section */
		9F4BCBF82A0A6E5F003BA043 /* RoundedShapeHead.swift */ = {isa = PBXFileReference; lastKnownFileType = sourcecode.swift; path = RoundedShapeHead.swift; sourceTree = "<group>"; };
		9F4BCBFB2A0BBAA6003BA043 /* TasksListRowBackground.swift */ = {isa = PBXFileReference; lastKnownFileType = sourcecode.swift; path = TasksListRowBackground.swift; sourceTree = "<group>"; };
		9F5DAF002A13706900D18C23 /* LoginView.swift */ = {isa = PBXFileReference; lastKnownFileType = sourcecode.swift; path = LoginView.swift; sourceTree = "<group>"; };
		9F5DAF032A13725300D18C23 /* GoogleService-Info.plist */ = {isa = PBXFileReference; fileEncoding = 4; lastKnownFileType = text.plist.xml; name = "GoogleService-Info.plist"; path = "../../../../../Downloads/GoogleService-Info.plist"; sourceTree = "<group>"; };
		9F5DAF0E2A1374BD00D18C23 /* FireBaseViewModel.swift */ = {isa = PBXFileReference; lastKnownFileType = sourcecode.swift; path = FireBaseViewModel.swift; sourceTree = "<group>"; };
		9F5DAF102A13752100D18C23 /* RegisterView.swift */ = {isa = PBXFileReference; lastKnownFileType = sourcecode.swift; path = RegisterView.swift; sourceTree = "<group>"; };
		9F9816BE2A053BE800B1408B /* ProfileView.swift */ = {isa = PBXFileReference; lastKnownFileType = sourcecode.swift; path = ProfileView.swift; sourceTree = "<group>"; };
		9F9816C22A0543C800B1408B /* TasksDataModel.xcdatamodel */ = {isa = PBXFileReference; lastKnownFileType = wrapper.xcdatamodel; path = TasksDataModel.xcdatamodel; sourceTree = "<group>"; };
		9F9816C52A05458100B1408B /* SplashScreenView.swift */ = {isa = PBXFileReference; lastKnownFileType = sourcecode.swift; path = SplashScreenView.swift; sourceTree = "<group>"; };
		9FBCF8732A26220D008AB538 /* WeatherStruct.swift */ = {isa = PBXFileReference; lastKnownFileType = sourcecode.swift; path = WeatherStruct.swift; sourceTree = "<group>"; };
		9FBCF8752A26232C008AB538 /* WeatherApiViewModel.swift */ = {isa = PBXFileReference; lastKnownFileType = sourcecode.swift; path = WeatherApiViewModel.swift; sourceTree = "<group>"; };
		9FBCF8772A2624CD008AB538 /* WeatherApiView.swift */ = {isa = PBXFileReference; lastKnownFileType = sourcecode.swift; path = WeatherApiView.swift; sourceTree = "<group>"; };
		9FDB0B122A30800D0032207F /* TicTacToeGame.swift */ = {isa = PBXFileReference; lastKnownFileType = sourcecode.swift; path = TicTacToeGame.swift; sourceTree = "<group>"; };
		9FDB0B142A3080500032207F /* TicTacToeView.swift */ = {isa = PBXFileReference; lastKnownFileType = sourcecode.swift; path = TicTacToeView.swift; sourceTree = "<group>"; };
		9FEA713D2A013EF200455E6D /* TasksToday.app */ = {isa = PBXFileReference; explicitFileType = wrapper.application; includeInIndex = 0; path = TasksToday.app; sourceTree = BUILT_PRODUCTS_DIR; };
		9FEA71402A013EF200455E6D /* TasksTodayApp.swift */ = {isa = PBXFileReference; lastKnownFileType = sourcecode.swift; path = TasksTodayApp.swift; sourceTree = "<group>"; };
		9FEA71422A013EF200455E6D /* ContentView.swift */ = {isa = PBXFileReference; lastKnownFileType = sourcecode.swift; path = ContentView.swift; sourceTree = "<group>"; };
		9FEA71442A013EF200455E6D /* Assets.xcassets */ = {isa = PBXFileReference; lastKnownFileType = folder.assetcatalog; path = Assets.xcassets; sourceTree = "<group>"; };
		9FEA71472A013EF200455E6D /* Preview Assets.xcassets */ = {isa = PBXFileReference; lastKnownFileType = folder.assetcatalog; path = "Preview Assets.xcassets"; sourceTree = "<group>"; };
		9FEA71522A0143F200455E6D /* TasksView.swift */ = {isa = PBXFileReference; lastKnownFileType = sourcecode.swift; path = TasksView.swift; sourceTree = "<group>"; };
		9FEA71562A01442A00455E6D /* TasksModel.swift */ = {isa = PBXFileReference; lastKnownFileType = sourcecode.swift; path = TasksModel.swift; sourceTree = "<group>"; };
		9FEA715A2A0144BB00455E6D /* DailyTasksModel.swift */ = {isa = PBXFileReference; lastKnownFileType = sourcecode.swift; path = DailyTasksModel.swift; sourceTree = "<group>"; };
		9FEA715C2A0144CE00455E6D /* DailyTasksView.swift */ = {isa = PBXFileReference; lastKnownFileType = sourcecode.swift; path = DailyTasksView.swift; sourceTree = "<group>"; };
		9FEA71602A0144F900455E6D /* ShoppingListModel.swift */ = {isa = PBXFileReference; lastKnownFileType = sourcecode.swift; path = ShoppingListModel.swift; sourceTree = "<group>"; };
		9FEA71622A01450B00455E6D /* ShoppingListView.swift */ = {isa = PBXFileReference; lastKnownFileType = sourcecode.swift; path = ShoppingListView.swift; sourceTree = "<group>"; };
		9FEA71672A0145C400455E6D /* CustomTabBar.swift */ = {isa = PBXFileReference; lastKnownFileType = sourcecode.swift; path = CustomTabBar.swift; sourceTree = "<group>"; };
		9FEA71692A0145D600455E6D /* TabCurve.swift */ = {isa = PBXFileReference; lastKnownFileType = sourcecode.swift; path = TabCurve.swift; sourceTree = "<group>"; };
/* End PBXFileReference section */

/* Begin PBXFrameworksBuildPhase section */
		9FEA713A2A013EF200455E6D /* Frameworks */ = {
			isa = PBXFrameworksBuildPhase;
			buildActionMask = 2147483647;
			files = (
				9F5DAF092A13741F00D18C23 /* FirebaseDatabase in Frameworks */,
				9F5DAF0D2A13741F00D18C23 /* FirebaseStorage in Frameworks */,
				9F5DAF072A13741F00D18C23 /* FirebaseAuth in Frameworks */,
				9F5DAF0B2A13741F00D18C23 /* FirebaseFirestore in Frameworks */,
			);
			runOnlyForDeploymentPostprocessing = 0;
		};
/* End PBXFrameworksBuildPhase section */

/* Begin PBXGroup section */
		9F4BCBF72A0A6E33003BA043 /* RoundedShape */ = {
			isa = PBXGroup;
			children = (
				9F4BCBF82A0A6E5F003BA043 /* RoundedShapeHead.swift */,
			);
			path = RoundedShape;
			sourceTree = "<group>";
		};
		9F4BCBFA2A0BBA71003BA043 /* CustomListBackground */ = {
			isa = PBXGroup;
			children = (
				9F4BCBFB2A0BBAA6003BA043 /* TasksListRowBackground.swift */,
			);
			path = CustomListBackground;
			sourceTree = "<group>";
		};
		9F5DAF022A13707000D18C23 /* LoginSignUp */ = {
			isa = PBXGroup;
			children = (
				9F5DAF002A13706900D18C23 /* LoginView.swift */,
				9F5DAF102A13752100D18C23 /* RegisterView.swift */,
			);
			path = LoginSignUp;
			sourceTree = "<group>";
		};
		9F9816C02A05439900B1408B /* DataModel */ = {
			isa = PBXGroup;
			children = (
				9F9816C12A0543C800B1408B /* TasksDataModel.xcdatamodeld */,
			);
			path = DataModel;
			sourceTree = "<group>";
		};
		9F9816C42A05455900B1408B /* SplashScreen */ = {
			isa = PBXGroup;
			children = (
				9F9816C52A05458100B1408B /* SplashScreenView.swift */,
			);
			path = SplashScreen;
			sourceTree = "<group>";
		};
		9FBCF8792A262EE6008AB538 /* WeatherAPI */ = {
			isa = PBXGroup;
			children = (
				9FBCF8732A26220D008AB538 /* WeatherStruct.swift */,
				9FBCF8752A26232C008AB538 /* WeatherApiViewModel.swift */,
				9FBCF8772A2624CD008AB538 /* WeatherApiView.swift */,
			);
			path = WeatherAPI;
			sourceTree = "<group>";
		};
		9FDB0B162A3089240032207F /* TicTacToe */ = {
			isa = PBXGroup;
			children = (
				9FDB0B122A30800D0032207F /* TicTacToeGame.swift */,
				9FDB0B142A3080500032207F /* TicTacToeView.swift */,
			);
			path = TicTacToe;
			sourceTree = "<group>";
		};
		9FEA71342A013EF200455E6D = {
			isa = PBXGroup;
			children = (
				9FEA713F2A013EF200455E6D /* TasksToday */,
				9FEA713E2A013EF200455E6D /* Products */,
			);
			sourceTree = "<group>";
		};
		9FEA713E2A013EF200455E6D /* Products */ = {
			isa = PBXGroup;
			children = (
				9FEA713D2A013EF200455E6D /* TasksToday.app */,
			);
			name = Products;
			sourceTree = "<group>";
		};
		9FEA713F2A013EF200455E6D /* TasksToday */ = {
			isa = PBXGroup;
			children = (
				9FDB0B162A3089240032207F /* TicTacToe */,
				9FBCF8792A262EE6008AB538 /* WeatherAPI */,
				9F5DAF022A13707000D18C23 /* LoginSignUp */,
				9F4BCBFA2A0BBA71003BA043 /* CustomListBackground */,
				9F4BCBF72A0A6E33003BA043 /* RoundedShape */,
				9F9816C42A05455900B1408B /* SplashScreen */,
				9F9816C02A05439900B1408B /* DataModel */,
				9FEA716B2A01510700455E6D /* Tasks */,
				9FEA716C2A01511000455E6D /* DailyTasks */,
				9FEA716D2A01511900455E6D /* ShoppingList */,
				9FEA716E2A01512400455E6D /* Profile */,
				9FEA71662A01459C00455E6D /* CustomTabBar */,
				9FEA71402A013EF200455E6D /* TasksTodayApp.swift */,
				9FEA71422A013EF200455E6D /* ContentView.swift */,
				9FEA71442A013EF200455E6D /* Assets.xcassets */,
				9F5DAF032A13725300D18C23 /* GoogleService-Info.plist */,
				9FEA71462A013EF200455E6D /* Preview Content */,
				9F5DAF0E2A1374BD00D18C23 /* FireBaseViewModel.swift */,
			);
			path = TasksToday;
			sourceTree = "<group>";
		};
		9FEA71462A013EF200455E6D /* Preview Content */ = {
			isa = PBXGroup;
			children = (
				9FEA71472A013EF200455E6D /* Preview Assets.xcassets */,
			);
			path = "Preview Content";
			sourceTree = "<group>";
		};
		9FEA71662A01459C00455E6D /* CustomTabBar */ = {
			isa = PBXGroup;
			children = (
				9FEA71672A0145C400455E6D /* CustomTabBar.swift */,
				9FEA71692A0145D600455E6D /* TabCurve.swift */,
			);
			path = CustomTabBar;
			sourceTree = "<group>";
		};
		9FEA716B2A01510700455E6D /* Tasks */ = {
			isa = PBXGroup;
			children = (
				9FEA71562A01442A00455E6D /* TasksModel.swift */,
				9FEA71522A0143F200455E6D /* TasksView.swift */,
			);
			path = Tasks;
			sourceTree = "<group>";
		};
		9FEA716C2A01511000455E6D /* DailyTasks */ = {
			isa = PBXGroup;
			children = (
				9FEA715A2A0144BB00455E6D /* DailyTasksModel.swift */,
				9FEA715C2A0144CE00455E6D /* DailyTasksView.swift */,
			);
			path = DailyTasks;
			sourceTree = "<group>";
		};
		9FEA716D2A01511900455E6D /* ShoppingList */ = {
			isa = PBXGroup;
			children = (
				9FEA71602A0144F900455E6D /* ShoppingListModel.swift */,
				9FEA71622A01450B00455E6D /* ShoppingListView.swift */,
			);
			path = ShoppingList;
			sourceTree = "<group>";
		};
		9FEA716E2A01512400455E6D /* Profile */ = {
			isa = PBXGroup;
			children = (
				9F9816BE2A053BE800B1408B /* ProfileView.swift */,
			);
			path = Profile;
			sourceTree = "<group>";
		};
/* End PBXGroup section */

/* Begin PBXNativeTarget section */
		9FEA713C2A013EF200455E6D /* TasksToday */ = {
			isa = PBXNativeTarget;
			buildConfigurationList = 9FEA714B2A013EF200455E6D /* Build configuration list for PBXNativeTarget "TasksToday" */;
			buildPhases = (
				9FEA71392A013EF200455E6D /* Sources */,
				9FEA713A2A013EF200455E6D /* Frameworks */,
				9FEA713B2A013EF200455E6D /* Resources */,
			);
			buildRules = (
			);
			dependencies = (
			);
			name = TasksToday;
			packageProductDependencies = (
				9F5DAF062A13741F00D18C23 /* FirebaseAuth */,
				9F5DAF082A13741F00D18C23 /* FirebaseDatabase */,
				9F5DAF0A2A13741F00D18C23 /* FirebaseFirestore */,
				9F5DAF0C2A13741F00D18C23 /* FirebaseStorage */,
			);
			productName = TasksToday;
			productReference = 9FEA713D2A013EF200455E6D /* TasksToday.app */;
			productType = "com.apple.product-type.application";
		};
/* End PBXNativeTarget section */

/* Begin PBXProject section */
		9FEA71352A013EF200455E6D /* Project object */ = {
			isa = PBXProject;
			attributes = {
				BuildIndependentTargetsInParallel = 1;
				LastSwiftUpdateCheck = 1420;
				LastUpgradeCheck = 1420;
				TargetAttributes = {
					9FEA713C2A013EF200455E6D = {
						CreatedOnToolsVersion = 14.2;
					};
				};
			};
			buildConfigurationList = 9FEA71382A013EF200455E6D /* Build configuration list for PBXProject "TasksToday" */;
			compatibilityVersion = "Xcode 14.0";
			developmentRegion = en;
			hasScannedForEncodings = 0;
			knownRegions = (
				en,
				Base,
			);
			mainGroup = 9FEA71342A013EF200455E6D;
			packageReferences = (
				9F5DAF052A13741F00D18C23 /* XCRemoteSwiftPackageReference "firebase-ios-sdk" */,
			);
			productRefGroup = 9FEA713E2A013EF200455E6D /* Products */;
			projectDirPath = "";
			projectRoot = "";
			targets = (
				9FEA713C2A013EF200455E6D /* TasksToday */,
			);
		};
/* End PBXProject section */

/* Begin PBXResourcesBuildPhase section */
		9FEA713B2A013EF200455E6D /* Resources */ = {
			isa = PBXResourcesBuildPhase;
			buildActionMask = 2147483647;
			files = (
				9FEA71482A013EF200455E6D /* Preview Assets.xcassets in Resources */,
				9FEA71452A013EF200455E6D /* Assets.xcassets in Resources */,
				9F5DAF042A13725300D18C23 /* GoogleService-Info.plist in Resources */,
			);
			runOnlyForDeploymentPostprocessing = 0;
		};
/* End PBXResourcesBuildPhase section */

/* Begin PBXSourcesBuildPhase section */
		9FEA71392A013EF200455E6D /* Sources */ = {
			isa = PBXSourcesBuildPhase;
			buildActionMask = 2147483647;
			files = (
				9FBCF8782A2624CD008AB538 /* WeatherApiView.swift in Sources */,
				9FEA71632A01450B00455E6D /* ShoppingListView.swift in Sources */,
				9FEA71572A01442A00455E6D /* TasksModel.swift in Sources */,
				9FBCF8742A26220E008AB538 /* WeatherStruct.swift in Sources */,
				9FDB0B152A3080500032207F /* TicTacToeView.swift in Sources */,
				9FEA71682A0145C400455E6D /* CustomTabBar.swift in Sources */,
				9F4BCBF92A0A6E5F003BA043 /* RoundedShapeHead.swift in Sources */,
				9F4BCBFC2A0BBAA6003BA043 /* TasksListRowBackground.swift in Sources */,
				9FEA716A2A0145D600455E6D /* TabCurve.swift in Sources */,
				9FDB0B132A30800D0032207F /* TicTacToeGame.swift in Sources */,
				9F9816C62A05458100B1408B /* SplashScreenView.swift in Sources */,
				9FBCF8762A26232C008AB538 /* WeatherApiViewModel.swift in Sources */,
				9F5DAF112A13752100D18C23 /* RegisterView.swift in Sources */,
				9F9816C32A0543C800B1408B /* TasksDataModel.xcdatamodeld in Sources */,
				9F5DAF0F2A1374BD00D18C23 /* FireBaseViewModel.swift in Sources */,
				9FEA715D2A0144CE00455E6D /* DailyTasksView.swift in Sources */,
				9F5DAF012A13706900D18C23 /* LoginView.swift in Sources */,
				9FEA71612A0144F900455E6D /* ShoppingListModel.swift in Sources */,
				9FEA71432A013EF200455E6D /* ContentView.swift in Sources */,
				9FEA715B2A0144BB00455E6D /* DailyTasksModel.swift in Sources */,
				9FEA71412A013EF200455E6D /* TasksTodayApp.swift in Sources */,
				9F9816BF2A053BE800B1408B /* ProfileView.swift in Sources */,
				9FEA71532A0143F200455E6D /* TasksView.swift in Sources */,
			);
			runOnlyForDeploymentPostprocessing = 0;
		};
/* End PBXSourcesBuildPhase section */

/* Begin XCBuildConfiguration section */
		9FEA71492A013EF200455E6D /* Debug */ = {
			isa = XCBuildConfiguration;
			buildSettings = {
				ALWAYS_SEARCH_USER_PATHS = NO;
				CLANG_ANALYZER_NONNULL = YES;
				CLANG_ANALYZER_NUMBER_OBJECT_CONVERSION = YES_AGGRESSIVE;
				CLANG_CXX_LANGUAGE_STANDARD = "gnu++20";
				CLANG_ENABLE_MODULES = YES;
				CLANG_ENABLE_OBJC_ARC = YES;
				CLANG_ENABLE_OBJC_WEAK = YES;
				CLANG_WARN_BLOCK_CAPTURE_AUTORELEASING = YES;
				CLANG_WARN_BOOL_CONVERSION = YES;
				CLANG_WARN_COMMA = YES;
				CLANG_WARN_CONSTANT_CONVERSION = YES;
				CLANG_WARN_DEPRECATED_OBJC_IMPLEMENTATIONS = YES;
				CLANG_WARN_DIRECT_OBJC_ISA_USAGE = YES_ERROR;
				CLANG_WARN_DOCUMENTATION_COMMENTS = YES;
				CLANG_WARN_EMPTY_BODY = YES;
				CLANG_WARN_ENUM_CONVERSION = YES;
				CLANG_WARN_INFINITE_RECURSION = YES;
				CLANG_WARN_INT_CONVERSION = YES;
				CLANG_WARN_NON_LITERAL_NULL_CONVERSION = YES;
				CLANG_WARN_OBJC_IMPLICIT_RETAIN_SELF = YES;
				CLANG_WARN_OBJC_LITERAL_CONVERSION = YES;
				CLANG_WARN_OBJC_ROOT_CLASS = YES_ERROR;
				CLANG_WARN_QUOTED_INCLUDE_IN_FRAMEWORK_HEADER = YES;
				CLANG_WARN_RANGE_LOOP_ANALYSIS = YES;
				CLANG_WARN_STRICT_PROTOTYPES = YES;
				CLANG_WARN_SUSPICIOUS_MOVE = YES;
				CLANG_WARN_UNGUARDED_AVAILABILITY = YES_AGGRESSIVE;
				CLANG_WARN_UNREACHABLE_CODE = YES;
				CLANG_WARN__DUPLICATE_METHOD_MATCH = YES;
				COPY_PHASE_STRIP = NO;
				DEBUG_INFORMATION_FORMAT = dwarf;
				ENABLE_STRICT_OBJC_MSGSEND = YES;
				ENABLE_TESTABILITY = YES;
				GCC_C_LANGUAGE_STANDARD = gnu11;
				GCC_DYNAMIC_NO_PIC = NO;
				GCC_NO_COMMON_BLOCKS = YES;
				GCC_OPTIMIZATION_LEVEL = 0;
				GCC_PREPROCESSOR_DEFINITIONS = (
					"DEBUG=1",
					"$(inherited)",
				);
				GCC_WARN_64_TO_32_BIT_CONVERSION = YES;
				GCC_WARN_ABOUT_RETURN_TYPE = YES_ERROR;
				GCC_WARN_UNDECLARED_SELECTOR = YES;
				GCC_WARN_UNINITIALIZED_AUTOS = YES_AGGRESSIVE;
				GCC_WARN_UNUSED_FUNCTION = YES;
				GCC_WARN_UNUSED_VARIABLE = YES;
				IPHONEOS_DEPLOYMENT_TARGET = 16.2;
				MTL_ENABLE_DEBUG_INFO = INCLUDE_SOURCE;
				MTL_FAST_MATH = YES;
				ONLY_ACTIVE_ARCH = YES;
				SDKROOT = iphoneos;
				SWIFT_ACTIVE_COMPILATION_CONDITIONS = DEBUG;
				SWIFT_OPTIMIZATION_LEVEL = "-Onone";
			};
			name = Debug;
		};
		9FEA714A2A013EF200455E6D /* Release */ = {
			isa = XCBuildConfiguration;
			buildSettings = {
				ALWAYS_SEARCH_USER_PATHS = NO;
				CLANG_ANALYZER_NONNULL = YES;
				CLANG_ANALYZER_NUMBER_OBJECT_CONVERSION = YES_AGGRESSIVE;
				CLANG_CXX_LANGUAGE_STANDARD = "gnu++20";
				CLANG_ENABLE_MODULES = YES;
				CLANG_ENABLE_OBJC_ARC = YES;
				CLANG_ENABLE_OBJC_WEAK = YES;
				CLANG_WARN_BLOCK_CAPTURE_AUTORELEASING = YES;
				CLANG_WARN_BOOL_CONVERSION = YES;
				CLANG_WARN_COMMA = YES;
				CLANG_WARN_CONSTANT_CONVERSION = YES;
				CLANG_WARN_DEPRECATED_OBJC_IMPLEMENTATIONS = YES;
				CLANG_WARN_DIRECT_OBJC_ISA_USAGE = YES_ERROR;
				CLANG_WARN_DOCUMENTATION_COMMENTS = YES;
				CLANG_WARN_EMPTY_BODY = YES;
				CLANG_WARN_ENUM_CONVERSION = YES;
				CLANG_WARN_INFINITE_RECURSION = YES;
				CLANG_WARN_INT_CONVERSION = YES;
				CLANG_WARN_NON_LITERAL_NULL_CONVERSION = YES;
				CLANG_WARN_OBJC_IMPLICIT_RETAIN_SELF = YES;
				CLANG_WARN_OBJC_LITERAL_CONVERSION = YES;
				CLANG_WARN_OBJC_ROOT_CLASS = YES_ERROR;
				CLANG_WARN_QUOTED_INCLUDE_IN_FRAMEWORK_HEADER = YES;
				CLANG_WARN_RANGE_LOOP_ANALYSIS = YES;
				CLANG_WARN_STRICT_PROTOTYPES = YES;
				CLANG_WARN_SUSPICIOUS_MOVE = YES;
				CLANG_WARN_UNGUARDED_AVAILABILITY = YES_AGGRESSIVE;
				CLANG_WARN_UNREACHABLE_CODE = YES;
				CLANG_WARN__DUPLICATE_METHOD_MATCH = YES;
				COPY_PHASE_STRIP = NO;
				DEBUG_INFORMATION_FORMAT = "dwarf-with-dsym";
				ENABLE_NS_ASSERTIONS = NO;
				ENABLE_STRICT_OBJC_MSGSEND = YES;
				GCC_C_LANGUAGE_STANDARD = gnu11;
				GCC_NO_COMMON_BLOCKS = YES;
				GCC_WARN_64_TO_32_BIT_CONVERSION = YES;
				GCC_WARN_ABOUT_RETURN_TYPE = YES_ERROR;
				GCC_WARN_UNDECLARED_SELECTOR = YES;
				GCC_WARN_UNINITIALIZED_AUTOS = YES_AGGRESSIVE;
				GCC_WARN_UNUSED_FUNCTION = YES;
				GCC_WARN_UNUSED_VARIABLE = YES;
				IPHONEOS_DEPLOYMENT_TARGET = 16.2;
				MTL_ENABLE_DEBUG_INFO = NO;
				MTL_FAST_MATH = YES;
				SDKROOT = iphoneos;
				SWIFT_COMPILATION_MODE = wholemodule;
				SWIFT_OPTIMIZATION_LEVEL = "-O";
				VALIDATE_PRODUCT = YES;
			};
			name = Release;
		};
		9FEA714C2A013EF200455E6D /* Debug */ = {
			isa = XCBuildConfiguration;
			buildSettings = {
				ASSETCATALOG_COMPILER_APPICON_NAME = AppIcon;
				ASSETCATALOG_COMPILER_GLOBAL_ACCENT_COLOR_NAME = AccentColor;
				CODE_SIGN_STYLE = Automatic;
				CURRENT_PROJECT_VERSION = 1;
				DEVELOPMENT_ASSET_PATHS = "\"TasksToday/Preview Content\"";
				DEVELOPMENT_TEAM = 6TK78U8FTV;
				ENABLE_PREVIEWS = YES;
				GENERATE_INFOPLIST_FILE = YES;
				INFOPLIST_KEY_UIApplicationSceneManifest_Generation = YES;
				INFOPLIST_KEY_UIApplicationSupportsIndirectInputEvents = YES;
				INFOPLIST_KEY_UILaunchScreen_Generation = YES;
				INFOPLIST_KEY_UISupportedInterfaceOrientations_iPad = "UIInterfaceOrientationPortrait UIInterfaceOrientationPortraitUpsideDown UIInterfaceOrientationLandscapeLeft UIInterfaceOrientationLandscapeRight";
				INFOPLIST_KEY_UISupportedInterfaceOrientations_iPhone = "UIInterfaceOrientationPortrait UIInterfaceOrientationLandscapeLeft UIInterfaceOrientationLandscapeRight";
				LD_RUNPATH_SEARCH_PATHS = (
					"$(inherited)",
					"@executable_path/Frameworks",
				);
				MARKETING_VERSION = 1.0;
				PRODUCT_BUNDLE_IDENTIFIER = steven.cichowski.TasksToday;
				PRODUCT_NAME = "$(TARGET_NAME)";
				SWIFT_EMIT_LOC_STRINGS = YES;
				SWIFT_VERSION = 5.0;
				TARGETED_DEVICE_FAMILY = "1,2";
			};
			name = Debug;
		};
		9FEA714D2A013EF200455E6D /* Release */ = {
			isa = XCBuildConfiguration;
			buildSettings = {
				ASSETCATALOG_COMPILER_APPICON_NAME = AppIcon;
				ASSETCATALOG_COMPILER_GLOBAL_ACCENT_COLOR_NAME = AccentColor;
				CODE_SIGN_STYLE = Automatic;
				CURRENT_PROJECT_VERSION = 1;
				DEVELOPMENT_ASSET_PATHS = "\"TasksToday/Preview Content\"";
				DEVELOPMENT_TEAM = 6TK78U8FTV;
				ENABLE_PREVIEWS = YES;
				GENERATE_INFOPLIST_FILE = YES;
				INFOPLIST_KEY_UIApplicationSceneManifest_Generation = YES;
				INFOPLIST_KEY_UIApplicationSupportsIndirectInputEvents = YES;
				INFOPLIST_KEY_UILaunchScreen_Generation = YES;
				INFOPLIST_KEY_UISupportedInterfaceOrientations_iPad = "UIInterfaceOrientationPortrait UIInterfaceOrientationPortraitUpsideDown UIInterfaceOrientationLandscapeLeft UIInterfaceOrientationLandscapeRight";
				INFOPLIST_KEY_UISupportedInterfaceOrientations_iPhone = "UIInterfaceOrientationPortrait UIInterfaceOrientationLandscapeLeft UIInterfaceOrientationLandscapeRight";
				LD_RUNPATH_SEARCH_PATHS = (
					"$(inherited)",
					"@executable_path/Frameworks",
				);
				MARKETING_VERSION = 1.0;
				PRODUCT_BUNDLE_IDENTIFIER = steven.cichowski.TasksToday;
				PRODUCT_NAME = "$(TARGET_NAME)";
				SWIFT_EMIT_LOC_STRINGS = YES;
				SWIFT_VERSION = 5.0;
				TARGETED_DEVICE_FAMILY = "1,2";
			};
			name = Release;
		};
/* End XCBuildConfiguration section */

/* Begin XCConfigurationList section */
		9FEA71382A013EF200455E6D /* Build configuration list for PBXProject "TasksToday" */ = {
			isa = XCConfigurationList;
			buildConfigurations = (
				9FEA71492A013EF200455E6D /* Debug */,
				9FEA714A2A013EF200455E6D /* Release */,
			);
			defaultConfigurationIsVisible = 0;
			defaultConfigurationName = Release;
		};
		9FEA714B2A013EF200455E6D /* Build configuration list for PBXNativeTarget "TasksToday" */ = {
			isa = XCConfigurationList;
			buildConfigurations = (
				9FEA714C2A013EF200455E6D /* Debug */,
				9FEA714D2A013EF200455E6D /* Release */,
			);
			defaultConfigurationIsVisible = 0;
			defaultConfigurationName = Release;
		};
/* End XCConfigurationList section */

/* Begin XCRemoteSwiftPackageReference section */
		9F5DAF052A13741F00D18C23 /* XCRemoteSwiftPackageReference "firebase-ios-sdk" */ = {
			isa = XCRemoteSwiftPackageReference;
			repositoryURL = "https://github.com/firebase/firebase-ios-sdk";
			requirement = {
				kind = upToNextMajorVersion;
				minimumVersion = 10.0.0;
			};
		};
/* End XCRemoteSwiftPackageReference section */

/* Begin XCSwiftPackageProductDependency section */
		9F5DAF062A13741F00D18C23 /* FirebaseAuth */ = {
			isa = XCSwiftPackageProductDependency;
			package = 9F5DAF052A13741F00D18C23 /* XCRemoteSwiftPackageReference "firebase-ios-sdk" */;
			productName = FirebaseAuth;
		};
		9F5DAF082A13741F00D18C23 /* FirebaseDatabase */ = {
			isa = XCSwiftPackageProductDependency;
			package = 9F5DAF052A13741F00D18C23 /* XCRemoteSwiftPackageReference "firebase-ios-sdk" */;
			productName = FirebaseDatabase;
		};
		9F5DAF0A2A13741F00D18C23 /* FirebaseFirestore */ = {
			isa = XCSwiftPackageProductDependency;
			package = 9F5DAF052A13741F00D18C23 /* XCRemoteSwiftPackageReference "firebase-ios-sdk" */;
			productName = FirebaseFirestore;
		};
		9F5DAF0C2A13741F00D18C23 /* FirebaseStorage */ = {
			isa = XCSwiftPackageProductDependency;
			package = 9F5DAF052A13741F00D18C23 /* XCRemoteSwiftPackageReference "firebase-ios-sdk" */;
			productName = FirebaseStorage;
		};
/* End XCSwiftPackageProductDependency section */

/* Begin XCVersionGroup section */
		9F9816C12A0543C800B1408B /* TasksDataModel.xcdatamodeld */ = {
			isa = XCVersionGroup;
			children = (
				9F9816C22A0543C800B1408B /* TasksDataModel.xcdatamodel */,
			);
			currentVersion = 9F9816C22A0543C800B1408B /* TasksDataModel.xcdatamodel */;
			path = TasksDataModel.xcdatamodeld;
			sourceTree = "<group>";
			versionGroupType = wrapper.xcdatamodel;
		};
/* End XCVersionGroup section */
	};
	rootObject = 9FEA71352A013EF200455E6D /* Project object */;
}
